// !$*UTF8*$!
{
	archiveVersion = 1;
	classes = {
	};
	objectVersion = 46;
	objects = {

/* Begin PBXBuildFile section */
		282DAD281C958B4E008A60F5 /* PluginLoader.swift in Sources */ = {isa = PBXBuildFile; fileRef = 282DAD271C958B4E008A60F5 /* PluginLoader.swift */; };
		28A450BA1BFCCAE40098EF3C /* DefaultMarginDisabler.swift in Sources */ = {isa = PBXBuildFile; fileRef = 28A450B91BFCCAE40098EF3C /* DefaultMarginDisabler.swift */; };
/* End PBXBuildFile section */

/* Begin PBXFileReference section */
		282DAD271C958B4E008A60F5 /* PluginLoader.swift */ = {isa = PBXFileReference; fileEncoding = 4; lastKnownFileType = sourcecode.swift; path = PluginLoader.swift; sourceTree = "<group>"; };
		28A450AF1BFCCA940098EF3C /* DefaultMarginDisabler.xcplugin */ = {isa = PBXFileReference; explicitFileType = wrapper.cfbundle; includeInIndex = 0; path = DefaultMarginDisabler.xcplugin; sourceTree = BUILT_PRODUCTS_DIR; };
		28A450B21BFCCA940098EF3C /* Info.plist */ = {isa = PBXFileReference; lastKnownFileType = text.plist.xml; path = Info.plist; sourceTree = "<group>"; };
		28A450B91BFCCAE40098EF3C /* DefaultMarginDisabler.swift */ = {isa = PBXFileReference; fileEncoding = 4; lastKnownFileType = sourcecode.swift; path = DefaultMarginDisabler.swift; sourceTree = "<group>"; };
/* End PBXFileReference section */

/* Begin PBXFrameworksBuildPhase section */
		28A450AC1BFCCA940098EF3C /* Frameworks */ = {
			isa = PBXFrameworksBuildPhase;
			buildActionMask = 2147483647;
			files = (
			);
			runOnlyForDeploymentPostprocessing = 0;
		};
/* End PBXFrameworksBuildPhase section */

/* Begin PBXGroup section */
		28A450A61BFCCA940098EF3C = {
			isa = PBXGroup;
			children = (
				28A450B11BFCCA940098EF3C /* DefaultMarginDisabler */,
				28A450B01BFCCA940098EF3C /* Products */,
			);
			sourceTree = "<group>";
		};
		28A450B01BFCCA940098EF3C /* Products */ = {
			isa = PBXGroup;
			children = (
				28A450AF1BFCCA940098EF3C /* DefaultMarginDisabler.xcplugin */,
			);
			name = Products;
			sourceTree = "<group>";
		};
		28A450B11BFCCA940098EF3C /* DefaultMarginDisabler */ = {
			isa = PBXGroup;
			children = (
				28A450B21BFCCA940098EF3C /* Info.plist */,
				28A450B91BFCCAE40098EF3C /* DefaultMarginDisabler.swift */,
				282DAD271C958B4E008A60F5 /* PluginLoader.swift */,
			);
			path = DefaultMarginDisabler;
			sourceTree = "<group>";
		};
/* End PBXGroup section */

/* Begin PBXNativeTarget section */
		28A450AE1BFCCA940098EF3C /* DefaultMarginDisabler */ = {
			isa = PBXNativeTarget;
			buildConfigurationList = 28A450B51BFCCA940098EF3C /* Build configuration list for PBXNativeTarget "DefaultMarginDisabler" */;
			buildPhases = (
				28A450AB1BFCCA940098EF3C /* Sources */,
				28A450AC1BFCCA940098EF3C /* Frameworks */,
				28A450AD1BFCCA940098EF3C /* Resources */,
			);
			buildRules = (
			);
			dependencies = (
			);
			name = DefaultMarginDisabler;
			productName = DefaultMarginDisabler;
			productReference = 28A450AF1BFCCA940098EF3C /* DefaultMarginDisabler.xcplugin */;
			productType = "com.apple.product-type.bundle";
		};
/* End PBXNativeTarget section */

/* Begin PBXProject section */
		28A450A71BFCCA940098EF3C /* Project object */ = {
			isa = PBXProject;
			attributes = {
				LastUpgradeCheck = 0710;
				ORGANIZATIONNAME = mshibanami;
				TargetAttributes = {
					28A450AE1BFCCA940098EF3C = {
						CreatedOnToolsVersion = 7.1.1;
					};
				};
			};
			buildConfigurationList = 28A450AA1BFCCA940098EF3C /* Build configuration list for PBXProject "DefaultMarginDisabler" */;
			compatibilityVersion = "Xcode 3.2";
			developmentRegion = English;
			hasScannedForEncodings = 0;
			knownRegions = (
				en,
				ja,
			);
			mainGroup = 28A450A61BFCCA940098EF3C;
			productRefGroup = 28A450B01BFCCA940098EF3C /* Products */;
			projectDirPath = "";
			projectRoot = "";
			targets = (
				28A450AE1BFCCA940098EF3C /* DefaultMarginDisabler */,
			);
		};
/* End PBXProject section */

/* Begin PBXResourcesBuildPhase section */
		28A450AD1BFCCA940098EF3C /* Resources */ = {
			isa = PBXResourcesBuildPhase;
			buildActionMask = 2147483647;
			files = (
			);
			runOnlyForDeploymentPostprocessing = 0;
		};
/* End PBXResourcesBuildPhase section */

/* Begin PBXSourcesBuildPhase section */
		28A450AB1BFCCA940098EF3C /* Sources */ = {
			isa = PBXSourcesBuildPhase;
			buildActionMask = 2147483647;
			files = (
				28A450BA1BFCCAE40098EF3C /* DefaultMarginDisabler.swift in Sources */,
				282DAD281C958B4E008A60F5 /* PluginLoader.swift in Sources */,
			);
			runOnlyForDeploymentPostprocessing = 0;
		};
/* End PBXSourcesBuildPhase section */

/* Begin XCBuildConfiguration section */
		28A450B31BFCCA940098EF3C /* Debug */ = {
			isa = XCBuildConfiguration;
			buildSettings = {
				ALWAYS_SEARCH_USER_PATHS = NO;
				CLANG_CXX_LANGUAGE_STANDARD = "gnu++0x";
				CLANG_CXX_LIBRARY = "libc++";
				CLANG_ENABLE_MODULES = YES;
				CLANG_ENABLE_OBJC_ARC = YES;
				CLANG_WARN_BOOL_CONVERSION = YES;
				CLANG_WARN_CONSTANT_CONVERSION = YES;
				CLANG_WARN_DIRECT_OBJC_ISA_USAGE = YES_ERROR;
				CLANG_WARN_EMPTY_BODY = YES;
				CLANG_WARN_ENUM_CONVERSION = YES;
				CLANG_WARN_INT_CONVERSION = YES;
				CLANG_WARN_OBJC_ROOT_CLASS = YES_ERROR;
				CLANG_WARN_UNREACHABLE_CODE = YES;
				CLANG_WARN__DUPLICATE_METHOD_MATCH = YES;
				CODE_SIGN_IDENTITY = "-";
				COPY_PHASE_STRIP = NO;
				DEBUG_INFORMATION_FORMAT = dwarf;
				ENABLE_STRICT_OBJC_MSGSEND = YES;
				ENABLE_TESTABILITY = YES;
				GCC_C_LANGUAGE_STANDARD = gnu99;
				GCC_DYNAMIC_NO_PIC = NO;
				GCC_NO_COMMON_BLOCKS = YES;
				GCC_OPTIMIZATION_LEVEL = 0;
				GCC_PREPROCESSOR_DEFINITIONS = (
					"DEBUG=1",
					"$(inherited)",
				);
				GCC_WARN_64_TO_32_BIT_CONVERSION = YES;
				GCC_WARN_ABOUT_RETURN_TYPE = YES_ERROR;
				GCC_WARN_UNDECLARED_SELECTOR = YES;
				GCC_WARN_UNINITIALIZED_AUTOS = YES_AGGRESSIVE;
				GCC_WARN_UNUSED_FUNCTION = YES;
				GCC_WARN_UNUSED_VARIABLE = YES;
				MACOSX_DEPLOYMENT_TARGET = 10.11;
				MTL_ENABLE_DEBUG_INFO = YES;
				ONLY_ACTIVE_ARCH = YES;
				SDKROOT = macosx;
			};
			name = Debug;
		};
		28A450B41BFCCA940098EF3C /* Release */ = {
			isa = XCBuildConfiguration;
			buildSettings = {
				ALWAYS_SEARCH_USER_PATHS = NO;
				CLANG_CXX_LANGUAGE_STANDARD = "gnu++0x";
				CLANG_CXX_LIBRARY = "libc++";
				CLANG_ENABLE_MODULES = YES;
				CLANG_ENABLE_OBJC_ARC = YES;
				CLANG_WARN_BOOL_CONVERSION = YES;
				CLANG_WARN_CONSTANT_CONVERSION = YES;
				CLANG_WARN_DIRECT_OBJC_ISA_USAGE = YES_ERROR;
				CLANG_WARN_EMPTY_BODY = YES;
				CLANG_WARN_ENUM_CONVERSION = YES;
				CLANG_WARN_INT_CONVERSION = YES;
				CLANG_WARN_OBJC_ROOT_CLASS = YES_ERROR;
				CLANG_WARN_UNREACHABLE_CODE = YES;
				CLANG_WARN__DUPLICATE_METHOD_MATCH = YES;
				CODE_SIGN_IDENTITY = "-";
				COPY_PHASE_STRIP = NO;
				DEBUG_INFORMATION_FORMAT = "dwarf-with-dsym";
				ENABLE_NS_ASSERTIONS = NO;
				ENABLE_STRICT_OBJC_MSGSEND = YES;
				GCC_C_LANGUAGE_STANDARD = gnu99;
				GCC_NO_COMMON_BLOCKS = YES;
				GCC_WARN_64_TO_32_BIT_CONVERSION = YES;
				GCC_WARN_ABOUT_RETURN_TYPE = YES_ERROR;
				GCC_WARN_UNDECLARED_SELECTOR = YES;
				GCC_WARN_UNINITIALIZED_AUTOS = YES_AGGRESSIVE;
				GCC_WARN_UNUSED_FUNCTION = YES;
				GCC_WARN_UNUSED_VARIABLE = YES;
				MACOSX_DEPLOYMENT_TARGET = 10.11;
				MTL_ENABLE_DEBUG_INFO = NO;
				SDKROOT = macosx;
			};
			name = Release;
		};
		28A450B61BFCCA940098EF3C /* Debug */ = {
			isa = XCBuildConfiguration;
			buildSettings = {
				CLANG_ENABLE_MODULES = YES;
				COMBINE_HIDPI_IMAGES = YES;
				DEPLOYMENT_LOCATION = YES;
				DSTROOT = "$(HOME)";
				EMBEDDED_CONTENT_CONTAINS_SWIFT = YES;
				INFOPLIST_FILE = DefaultMarginDisabler/Info.plist;
				INSTALL_PATH = "$(LOCAL_LIBRARY_DIR)/Application Support/Developer/Shared/Xcode/Plug-ins";
				LD_RUNPATH_SEARCH_PATHS = "$(inherited) @executable_path/../Frameworks @loader_path/../Frameworks";
				PRODUCT_BUNDLE_IDENTIFIER = io.github.mshibanami.DefaultMarginDisabler;
				PRODUCT_NAME = "$(TARGET_NAME)";
				SKIP_INSTALL = NO;
				SWIFT_OPTIMIZATION_LEVEL = "-Onone";
				WRAPPER_EXTENSION = xcplugin;
			};
			name = Debug;
		};
		28A450B71BFCCA940098EF3C /* Release */ = {
			isa = XCBuildConfiguration;
			buildSettings = {
				CLANG_ENABLE_MODULES = YES;
				COMBINE_HIDPI_IMAGES = YES;
				DEPLOYMENT_LOCATION = YES;
				DSTROOT = "$(HOME)";
				EMBEDDED_CONTENT_CONTAINS_SWIFT = YES;
				INFOPLIST_FILE = DefaultMarginDisabler/Info.plist;
				INSTALL_PATH = "$(LOCAL_LIBRARY_DIR)/Application Support/Developer/Shared/Xcode/Plug-ins";
				LD_RUNPATH_SEARCH_PATHS = "$(inherited) @executable_path/../Frameworks @loader_path/../Frameworks";
				PRODUCT_BUNDLE_IDENTIFIER = io.github.mshibanami.DefaultMarginDisabler;
				PRODUCT_NAME = "$(TARGET_NAME)";
				SKIP_INSTALL = NO;
				WRAPPER_EXTENSION = xcplugin;
			};
			name = Release;
		};
/* End XCBuildConfiguration section */

/* Begin XCConfigurationList section */
		28A450AA1BFCCA940098EF3C /* Build configuration list for PBXProject "DefaultMarginDisabler" */ = {
			isa = XCConfigurationList;
			buildConfigurations = (
				28A450B31BFCCA940098EF3C /* Debug */,
				28A450B41BFCCA940098EF3C /* Release */,
			);
			defaultConfigurationIsVisible = 0;
			defaultConfigurationName = Release;
		};
		28A450B51BFCCA940098EF3C /* Build configuration list for PBXNativeTarget "DefaultMarginDisabler" */ = {
			isa = XCConfigurationList;
			buildConfigurations = (
				28A450B61BFCCA940098EF3C /* Debug */,
				28A450B71BFCCA940098EF3C /* Release */,
			);
			defaultConfigurationIsVisible = 0;
			defaultConfigurationName = Release;
		};
/* End XCConfigurationList section */
	};
	rootObject = 28A450A71BFCCA940098EF3C /* Project object */;
}
