// !$*UTF8*$!
{
	archiveVersion = 1;
	classes = {
	};
	objectVersion = 46;
	objects = {

/* Begin PBXBuildFile section */
		28B02B7F1D698CE100088E1C /* DefaultMarginDisabler.xcscheme in Resources */ = {isa = PBXBuildFile; fileRef = 28B02B7E1D698CE100088E1C /* DefaultMarginDisabler.xcscheme */; };
		28B02B821D698CE100088E1C /* DefaultMarginDisabler.m in Sources */ = {isa = PBXBuildFile; fileRef = 28B02B811D698CE100088E1C /* DefaultMarginDisabler.m */; };
/* End PBXBuildFile section */

/* Begin PBXFileReference section */
		28B02B7A1D698CE100088E1C /* DefaultMarginDisabler.xcplugin */ = {isa = PBXFileReference; explicitFileType = wrapper.cfbundle; includeInIndex = 0; path = DefaultMarginDisabler.xcplugin; sourceTree = BUILT_PRODUCTS_DIR; };
		28B02B7E1D698CE100088E1C /* DefaultMarginDisabler.xcscheme */ = {isa = PBXFileReference; lastKnownFileType = text.xml; name = DefaultMarginDisabler.xcscheme; path = DefaultMarginDisabler.xcodeproj/xcshareddata/xcschemes/DefaultMarginDisabler.xcscheme; sourceTree = SOURCE_ROOT; };
		28B02B801D698CE100088E1C /* DefaultMarginDisabler.h */ = {isa = PBXFileReference; lastKnownFileType = sourcecode.c.h; path = DefaultMarginDisabler.h; sourceTree = "<group>"; };
		28B02B811D698CE100088E1C /* DefaultMarginDisabler.m */ = {isa = PBXFileReference; lastKnownFileType = sourcecode.c.objc; path = DefaultMarginDisabler.m; sourceTree = "<group>"; };
		28B02B831D698CE100088E1C /* Info.plist */ = {isa = PBXFileReference; lastKnownFileType = text.plist.xml; path = Info.plist; sourceTree = "<group>"; };
/* End PBXFileReference section */

/* Begin PBXGroup section */
		28B02B721D698CE100088E1C = {
			isa = PBXGroup;
			children = (
				28B02B7C1D698CE100088E1C /* DefaultMarginDisabler */,
				28B02B7B1D698CE100088E1C /* Products */,
			);
			sourceTree = "<group>";
		};
		28B02B7B1D698CE100088E1C /* Products */ = {
			isa = PBXGroup;
			children = (
				28B02B7A1D698CE100088E1C /* DefaultMarginDisabler.xcplugin */,
			);
			name = Products;
			sourceTree = "<group>";
		};
		28B02B7C1D698CE100088E1C /* DefaultMarginDisabler */ = {
			isa = PBXGroup;
			children = (
				28B02B801D698CE100088E1C /* DefaultMarginDisabler.h */,
				28B02B811D698CE100088E1C /* DefaultMarginDisabler.m */,
				28B02B831D698CE100088E1C /* Info.plist */,
				28B02B7D1D698CE100088E1C /* Supporting Files */,
			);
			path = DefaultMarginDisabler;
			sourceTree = "<group>";
		};
		28B02B7D1D698CE100088E1C /* Supporting Files */ = {
			isa = PBXGroup;
			children = (
				28B02B7E1D698CE100088E1C /* DefaultMarginDisabler.xcscheme */,
			);
			name = "Supporting Files";
			sourceTree = "<group>";
		};
/* End PBXGroup section */

/* Begin PBXNativeTarget section */
		28B02B791D698CE100088E1C /* DefaultMarginDisabler */ = {
			isa = PBXNativeTarget;
			buildConfigurationList = 28B02B861D698CE100088E1C /* Build configuration list for PBXNativeTarget "DefaultMarginDisabler" */;
			buildPhases = (
				28B02B771D698CE100088E1C /* Sources */,
				28B02B781D698CE100088E1C /* Resources */,
			);
			buildRules = (
			);
			dependencies = (
			);
			name = DefaultMarginDisabler;
			productName = DefaultMarginDisabler;
			productReference = 28B02B7A1D698CE100088E1C /* DefaultMarginDisabler.xcplugin */;
			productType = "com.apple.product-type.bundle";
		};
/* End PBXNativeTarget section */

/* Begin PBXProject section */
		28B02B731D698CE100088E1C /* Project object */ = {
			isa = PBXProject;
			attributes = {
				LastUpgradeCheck = 0730;
				ORGANIZATIONNAME = "Manabu Nakazawa";
				TargetAttributes = {
					28B02B791D698CE100088E1C = {
						CreatedOnToolsVersion = 7.3.1;
					};
				};
			};
			buildConfigurationList = 28B02B761D698CE100088E1C /* Build configuration list for PBXProject "DefaultMarginDisabler" */;
			compatibilityVersion = "Xcode 3.2";
			developmentRegion = English;
			hasScannedForEncodings = 0;
			knownRegions = (
				en,
			);
			mainGroup = 28B02B721D698CE100088E1C;
			productRefGroup = 28B02B7B1D698CE100088E1C /* Products */;
			projectDirPath = "";
			projectRoot = "";
			targets = (
				28B02B791D698CE100088E1C /* DefaultMarginDisabler */,
			);
		};
/* End PBXProject section */

/* Begin PBXResourcesBuildPhase section */
		28B02B781D698CE100088E1C /* Resources */ = {
			isa = PBXResourcesBuildPhase;
			buildActionMask = 2147483647;
			files = (
				28B02B7F1D698CE100088E1C /* DefaultMarginDisabler.xcscheme in Resources */,
			);
			runOnlyForDeploymentPostprocessing = 0;
		};
/* End PBXResourcesBuildPhase section */

/* Begin PBXSourcesBuildPhase section */
		28B02B771D698CE100088E1C /* Sources */ = {
			isa = PBXSourcesBuildPhase;
			buildActionMask = 2147483647;
			files = (
				28B02B821D698CE100088E1C /* DefaultMarginDisabler.m in Sources */,
			);
			runOnlyForDeploymentPostprocessing = 0;
		};
/* End PBXSourcesBuildPhase section */

/* Begin XCBuildConfiguration section */
		28B02B841D698CE100088E1C /* Debug */ = {
			isa = XCBuildConfiguration;
			buildSettings = {
				ALWAYS_SEARCH_USER_PATHS = NO;
				CLANG_ANALYZER_NONNULL = YES;
				CLANG_CXX_LANGUAGE_STANDARD = "gnu++0x";
				CLANG_CXX_LIBRARY = "libc++";
				CLANG_ENABLE_MODULES = YES;
				CLANG_ENABLE_OBJC_ARC = YES;
				CLANG_WARN_BOOL_CONVERSION = YES;
				CLANG_WARN_CONSTANT_CONVERSION = YES;
				CLANG_WARN_DIRECT_OBJC_ISA_USAGE = YES_ERROR;
				CLANG_WARN_EMPTY_BODY = YES;
				CLANG_WARN_ENUM_CONVERSION = YES;
				CLANG_WARN_INT_CONVERSION = YES;
				CLANG_WARN_OBJC_ROOT_CLASS = YES_ERROR;
				CLANG_WARN_UNREACHABLE_CODE = YES;
				CLANG_WARN__DUPLICATE_METHOD_MATCH = YES;
				CODE_SIGN_IDENTITY = "-";
				COPY_PHASE_STRIP = NO;
				DEBUG_INFORMATION_FORMAT = dwarf;
				ENABLE_STRICT_OBJC_MSGSEND = YES;
				ENABLE_TESTABILITY = YES;
				GCC_C_LANGUAGE_STANDARD = gnu99;
				GCC_DYNAMIC_NO_PIC = NO;
				GCC_NO_COMMON_BLOCKS = YES;
				GCC_OPTIMIZATION_LEVEL = 0;
				GCC_PREPROCESSOR_DEFINITIONS = (
					"DEBUG=1",
					"$(inherited)",
				);
				GCC_WARN_64_TO_32_BIT_CONVERSION = YES;
				GCC_WARN_ABOUT_RETURN_TYPE = YES_ERROR;
				GCC_WARN_UNDECLARED_SELECTOR = YES;
				GCC_WARN_UNINITIALIZED_AUTOS = YES_AGGRESSIVE;
				GCC_WARN_UNUSED_FUNCTION = YES;
				GCC_WARN_UNUSED_VARIABLE = YES;
				MACOSX_DEPLOYMENT_TARGET = 10.11;
				MTL_ENABLE_DEBUG_INFO = YES;
				ONLY_ACTIVE_ARCH = YES;
				SDKROOT = macosx;
			};
			name = Debug;
		};
		28B02B851D698CE100088E1C /* Release */ = {
			isa = XCBuildConfiguration;
			buildSettings = {
				ALWAYS_SEARCH_USER_PATHS = NO;
				CLANG_ANALYZER_NONNULL = YES;
				CLANG_CXX_LANGUAGE_STANDARD = "gnu++0x";
				CLANG_CXX_LIBRARY = "libc++";
				CLANG_ENABLE_MODULES = YES;
				CLANG_ENABLE_OBJC_ARC = YES;
				CLANG_WARN_BOOL_CONVERSION = YES;
				CLANG_WARN_CONSTANT_CONVERSION = YES;
				CLANG_WARN_DIRECT_OBJC_ISA_USAGE = YES_ERROR;
				CLANG_WARN_EMPTY_BODY = YES;
				CLANG_WARN_ENUM_CONVERSION = YES;
				CLANG_WARN_INT_CONVERSION = YES;
				CLANG_WARN_OBJC_ROOT_CLASS = YES_ERROR;
				CLANG_WARN_UNREACHABLE_CODE = YES;
				CLANG_WARN__DUPLICATE_METHOD_MATCH = YES;
				CODE_SIGN_IDENTITY = "-";
				COPY_PHASE_STRIP = NO;
				DEBUG_INFORMATION_FORMAT = "dwarf-with-dsym";
				ENABLE_NS_ASSERTIONS = NO;
				ENABLE_STRICT_OBJC_MSGSEND = YES;
				GCC_C_LANGUAGE_STANDARD = gnu99;
				GCC_NO_COMMON_BLOCKS = YES;
				GCC_WARN_64_TO_32_BIT_CONVERSION = YES;
				GCC_WARN_ABOUT_RETURN_TYPE = YES_ERROR;
				GCC_WARN_UNDECLARED_SELECTOR = YES;
				GCC_WARN_UNINITIALIZED_AUTOS = YES_AGGRESSIVE;
				GCC_WARN_UNUSED_FUNCTION = YES;
				GCC_WARN_UNUSED_VARIABLE = YES;
				MACOSX_DEPLOYMENT_TARGET = 10.11;
				MTL_ENABLE_DEBUG_INFO = NO;
				SDKROOT = macosx;
			};
			name = Release;
		};
		28B02B871D698CE100088E1C /* Debug */ = {
			isa = XCBuildConfiguration;
			buildSettings = {
				COMBINE_HIDPI_IMAGES = YES;
				DEPLOYMENT_LOCATION = YES;
				DSTROOT = "$(HOME)";
				INFOPLIST_FILE = DefaultMarginDisabler/Info.plist;
				INSTALL_PATH = "/Library/Application Support/Developer/Shared/Xcode/Plug-ins";
				PRODUCT_BUNDLE_IDENTIFIER = io.github.mshibanami.DefaultMarginDisabler;
				PRODUCT_NAME = "$(TARGET_NAME)";
				WRAPPER_EXTENSION = xcplugin;
			};
			name = Debug;
		};
		28B02B881D698CE100088E1C /* Release */ = {
			isa = XCBuildConfiguration;
			buildSettings = {
				COMBINE_HIDPI_IMAGES = YES;
				DEPLOYMENT_LOCATION = YES;
				DSTROOT = "$(HOME)";
				INFOPLIST_FILE = DefaultMarginDisabler/Info.plist;
				INSTALL_PATH = "/Library/Application Support/Developer/Shared/Xcode/Plug-ins";
				PRODUCT_BUNDLE_IDENTIFIER = io.github.mshibanami.DefaultMarginDisabler;
				PRODUCT_NAME = "$(TARGET_NAME)";
				WRAPPER_EXTENSION = xcplugin;
			};
			name = Release;
		};
/* End XCBuildConfiguration section */

/* Begin XCConfigurationList section */
		28B02B761D698CE100088E1C /* Build configuration list for PBXProject "DefaultMarginDisabler" */ = {
			isa = XCConfigurationList;
			buildConfigurations = (
				28B02B841D698CE100088E1C /* Debug */,
				28B02B851D698CE100088E1C /* Release */,
			);
			defaultConfigurationIsVisible = 0;
			defaultConfigurationName = Release;
		};
		28B02B861D698CE100088E1C /* Build configuration list for PBXNativeTarget "DefaultMarginDisabler" */ = {
			isa = XCConfigurationList;
			buildConfigurations = (
				28B02B871D698CE100088E1C /* Debug */,
				28B02B881D698CE100088E1C /* Release */,
			);
			defaultConfigurationIsVisible = 0;
		};
/* End XCConfigurationList section */
	};
	rootObject = 28B02B731D698CE100088E1C /* Project object */;
}
